
Microsoft Visual Studio Solution File, Format Version 12.00
# Visual Studio Version 17
VisualStudioVersion = 17.11.35208.52
MinimumVisualStudioVersion = 10.0.40219.1
Project("{888888A0-9F3D-457C-B088-3A5042F75D52}") = "DOBS", "DOBS.pyproj", "{CD085505-5122-472A-8ECB-34C8D97C5A1E}"
EndProject
Global
	GlobalSection(SolutionConfigurationPlatforms) = preSolution
		Debug|Any CPU = Debug|Any CPU
		Release|Any CPU = Release|Any CPU
	EndGlobalSection
	GlobalSection(ProjectConfigurationPlatforms) = postSolution
		{CD085505-5122-472A-8ECB-34C8D97C5A1E}.Debug|Any CPU.ActiveCfg = Debug|Any CPU
		{CD085505-5122-472A-8ECB-34C8D97C5A1E}.Release|Any CPU.ActiveCfg = Release|Any CPU
	EndGlobalSection
	GlobalSection(SolutionProperties) = preSolution
		HideSolutionNode = FALSE
	EndGlobalSection
	GlobalSection(ExtensibilityGlobals) = postSolution
		SolutionGuid = {E21DB82C-4818-4943-8044-D952D24F4EF3}
	EndGlobalSection
EndGlobal
